Microsoft Visual Studio Solution File, Format Version 11.00
# Visual Studio 2008

Project("{711D3755-A46C-1CBE-CA63-BD077B75B243}") = "VREartMoonSun", "Assembly-CSharp.csproj", "{7503D7FB-F7E3-6B07-491A-ADFFE9EF25B6}"
EndProject
Global
	GlobalSection(SolutionConfigurationPlatforms) = preSolution
		Debug|Any CPU = Debug|Any CPU
		Release|Any CPU = Release|Any CPU
	EndGlobalSection
	GlobalSection(ProjectConfigurationPlatforms) = postSolution
		{7503D7FB-F7E3-6B07-491A-ADFFE9EF25B6}.Debug|Any CPU.ActiveCfg = Debug|Any CPU
		{7503D7FB-F7E3-6B07-491A-ADFFE9EF25B6}.Debug|Any CPU.Build.0 = Debug|Any CPU
		{7503D7FB-F7E3-6B07-491A-ADFFE9EF25B6}.Release|Any CPU.ActiveCfg = Release|Any CPU
		{7503D7FB-F7E3-6B07-491A-ADFFE9EF25B6}.Release|Any CPU.Build.0 = Release|Any CPU
	EndGlobalSection
	GlobalSection(SolutionProperties) = preSolution
		HideSolutionNode = FALSE
	EndGlobalSection
	GlobalSection(MonoDevelopProperties) = preSolution
		StartupItem = Assembly-CSharp.csproj
	EndGlobalSection
EndGlobal
